github.com/eatmoreapple/openwechat v1.4.0 h1:jFaFQpX83qW2ZZu0UYRdMIAW6m0J0MhEQ7yUSPsLdzM=
github.com/eatmoreapple/openwechat v1.4.0/go.mod h1:ZxMcq7IpVWVU9JG7ERjExnm5M8/AQ6yZTtX30K3rwRQ=
github.com/sashabaranov/go-gpt3 v1.1.0 h1:94w3N8Sx5VBSLAXFm4+dWrxWR4h1ID1wUftChJ0Ji5A=
github.com/sashabaranov/go-gpt3 v1.1.0/go.mod h1:BIZdbwdzxZbCrcKGMGH6u2eyGe1xFuX9Anmh3tCP8lQ=
